# THIS IS AN AUTOGENERATED FILE. DO NOT EDIT THIS FILE DIRECTLY.
# yarn lockfile v1


"@alicloud/credentials@^2":
  version "2.2.3"
  resolved "https://registry.yarnpkg.com/@alicloud/credentials/-/credentials-2.2.3.tgz#6c479082e3f627311e2537c0552e3e87a8ecd671"
  integrity sha512-h98BZimKCQ5xKiFCdWa2OMYaenEP6g5Fndm/l0zp8iuYWOShnvEwBPFmHyHmwpb60KwEJp0LILl1WiBTS+5a1w==
  dependencies:
    "@alicloud/tea-typescript" "^1.5.3"
    httpx "^2.2.0"
    ini "^1.3.5"
    kitx "^2.0.0"

"@alicloud/dysmsapi20170525@2.0.17":
  version "2.0.17"
  resolved "https://registry.yarnpkg.com/@alicloud/dysmsapi20170525/-/dysmsapi20170525-2.0.17.tgz#a350a443f52456b823772345dd57cc5fe2e6c8da"
  integrity sha512-bgA4eIYJdZrKFSkCh/DGiMVnrO/O4/izpgecWiR+Cn0pxZkA3T0olYvE32+SLxJH/oBhdX6JTfuxtjnzvLKSug==
  dependencies:
    "@alicloud/endpoint-util" "^0.0.1"
    "@alicloud/openapi-client" "^0.4.1"
    "@alicloud/openapi-util" "^0.2.9"
    "@alicloud/tea-typescript" "^1.7.1"
    "@alicloud/tea-util" "^1.4.4"

"@alicloud/endpoint-util@^0.0.1":
  version "0.0.1"
  resolved "https://registry.yarnpkg.com/@alicloud/endpoint-util/-/endpoint-util-0.0.1.tgz#b237f5e04e373abb54c42119377b30bd6afb1a7c"
  integrity sha512-+pH7/KEXup84cHzIL6UJAaPqETvln4yXlD9JzlrqioyCSaWxbug5FUobsiI6fuUOpw5WwoB3fWAtGbFnJ1K3Yg==
  dependencies:
    "@alicloud/tea-typescript" "^1.5.1"
    kitx "^2.0.0"

"@alicloud/gateway-spi@^0.0.8":
  version "0.0.8"
  resolved "https://registry.yarnpkg.com/@alicloud/gateway-spi/-/gateway-spi-0.0.8.tgz#1d251986ed40d8b98690dcac8128fec0c56f0f53"
  integrity sha512-KM7fu5asjxZPmrz9sJGHJeSU+cNQNOxW+SFmgmAIrITui5hXL2LB+KNRuzWmlwPjnuA2X3/keq9h6++S9jcV5g==
  dependencies:
    "@alicloud/credentials" "^2"
    "@alicloud/tea-typescript" "^1.7.1"

"@alicloud/openapi-client@^0.4.1":
  version "0.4.1"
  resolved "https://registry.yarnpkg.com/@alicloud/openapi-client/-/openapi-client-0.4.1.tgz#8e55a3bdfee17a00c2ec3d10feaf7bfd0eff7502"
  integrity sha512-FNGQ9kmGi0AuNFX9yj7DDbMn8CB4TvihIIQ3ONNhLZF8Hj2asau7NiqVoftJX3F/JFq9qzJWeVbvboSM9Zq5kA==
  dependencies:
    "@alicloud/credentials" "^2"
    "@alicloud/gateway-spi" "^0.0.8"
    "@alicloud/openapi-util" "^0.2.7"
    "@alicloud/tea-typescript" "^1.7.1"
    "@alicloud/tea-util" "^1.4.0"

"@alicloud/openapi-util@^0.2.7", "@alicloud/openapi-util@^0.2.9":
  version "0.2.9"
  resolved "https://registry.yarnpkg.com/@alicloud/openapi-util/-/openapi-util-0.2.9.tgz#2379cd81f993dcab32066a2b892ddcbdd266d51c"
  integrity sha512-GUEYtX3lDv+WaZoDFCb0h9aZ8+IlajnSAxSHjiITbNtjCpZbA/vfd7Z/ST9YaPoT34nGqDNKiQTjqpLhaKtYBw==
  dependencies:
    "@alicloud/tea-typescript" "^1.7.1"
    "@alicloud/tea-util" "^1.3.0"
    kitx "^2.1.0"
    sm3 "^1.0.3"

"@alicloud/tea-typescript@^1.5.1", "@alicloud/tea-typescript@^1.5.3", "@alicloud/tea-typescript@^1.7.1":
  version "1.7.5"
  resolved "https://registry.yarnpkg.com/@alicloud/tea-typescript/-/tea-typescript-1.7.5.tgz#d8afa092f79e545ebe2aa89fd70acb0efad2aed1"
  integrity sha512-YyRMQaR+zURKBYkA+ckzS/m/5FH6x5P2oihCXLNZ6y0zmeRZPBfl8Rmr+mfPdCQA8ujkRDUn0zvj8M5kd7T0MQ==
  dependencies:
    "@types/node" "^12.0.2"
    httpx "^2.2.6"

"@alicloud/tea-util@^1.3.0", "@alicloud/tea-util@^1.4.0", "@alicloud/tea-util@^1.4.4":
  version "1.4.4"
  resolved "https://registry.yarnpkg.com/@alicloud/tea-util/-/tea-util-1.4.4.tgz#d70efe2d401bdd6e2fc2c5b69bbfff3db733e844"
  integrity sha512-uD2lMmVMSdcmv2rHTzfp2eW4OkyFig/qwBClz3Vh65qd+j6d+bjwGI1M6AnqNg9gL0yhF1Kb2Um8ljA14w1SRw==
  dependencies:
    "@alicloud/tea-typescript" "^1.5.1"
    kitx "^2.0.0"

"@types/node@^12.0.2":
  version "12.20.55"
  resolved "https://registry.yarnpkg.com/@types/node/-/node-12.20.55.tgz#c329cbd434c42164f846b909bd6f85b5537f6240"
  integrity sha512-J8xLz7q2OFulZ2cyGTLE1TbbZcjpno7FaN6zdJNrgAdrJ+DZzh/uFR6YrTb4C+nXakvud8Q4+rbhoIWlYQbUFQ==

"@types/node@^14":
  version "14.18.23"
  resolved "https://registry.yarnpkg.com/@types/node/-/node-14.18.23.tgz#70f5f20b0b1b38f696848c1d3647bb95694e615e"
  integrity sha512-MhbCWN18R4GhO8ewQWAFK4TGQdBpXWByukz7cWyJmXhvRuCIaM/oWytGPqVmDzgEnnaIc9ss6HbU5mUi+vyZPA==

debug@^4.1.1:
  version "4.3.4"
  resolved "https://registry.yarnpkg.com/debug/-/debug-4.3.4.tgz#1319f6579357f2338d3337d2cdd4914bb5dcc865"
  integrity sha512-PRWFHuSU3eDtQJPvnNY7Jcket1j0t5OuOsFzPPzsekD52Zl8qUfFIPEiswXqIvHWGVHOgX+7G/vCNNhehwxfkQ==
  dependencies:
    ms "2.1.2"

httpx@^2.2.0, httpx@^2.2.6:
  version "2.2.7"
  resolved "https://registry.yarnpkg.com/httpx/-/httpx-2.2.7.tgz#1e34198146e32ca3305a66c11209559e1cbeba09"
  integrity sha512-Wjh2JOAah0pdczfqL8NC5378G7jMt0Zcpn8U+yyxAiejjlagzSTQgJHuVvka2VNPQlKfoGehYRc79WKq9E4gDw==
  dependencies:
    "@types/node" "^14"
    debug "^4.1.1"

ini@^1.3.5:
  version "1.3.8"
  resolved "https://registry.yarnpkg.com/ini/-/ini-1.3.8.tgz#a29da425b48806f34767a4efce397269af28432c"
  integrity sha512-JV/yugV2uzW5iMRSiZAyDtQd+nxtUnjeLt0acNdw98kKLrvuRVyB80tsREOE7yvGVgalhZ6RNXCmEHkUKBKxew==

kitx@^2.0.0, kitx@^2.1.0:
  version "2.1.0"
  resolved "https://registry.yarnpkg.com/kitx/-/kitx-2.1.0.tgz#fc7fbf78eb6ed7a5a3fd2d7afb3011e29d0e44c8"
  integrity sha512-C/5v9MtIX7aHGOjwn5BmrrbNkJSf7i0R5mRzmh13GSAdRqQ7bYQo/Su2pTYNylFicqKNTVX3HML9k1u8k51+pQ==
  dependencies:
    "@types/node" "^12.0.2"

ms@2.1.2:
  version "2.1.2"
  resolved "https://registry.yarnpkg.com/ms/-/ms-2.1.2.tgz#d09d1f357b443f493382a8eb3ccd183872ae6009"
  integrity sha512-sGkPx+VjMtmA6MX27oA4FBFELFCZZ4S4XqeGOXCv68tT+jb3vk/RyaKWP0PTKyWtmLSM0b+adUTEvbs1PEaH2w==

sm3@^1.0.3:
  version "1.0.3"
  resolved "https://registry.yarnpkg.com/sm3/-/sm3-1.0.3.tgz#0051f0cc948c983944843136e7baa244eec5cd49"
  integrity sha512-KyFkIfr8QBlFG3uc3NaljaXdYcsbRy1KrSfc4tsQV8jW68jAktGeOcifu530Vx/5LC+PULHT0Rv8LiI8Gw+c1g==
